
Microsoft Visual Studio Solution File, Format Version 12.00
# Visual Studio Version 17
VisualStudioVersion = 17.14.36705.20 d17.14
MinimumVisualStudioVersion = 10.0.40219.1
Project("{FAE04EC0-301F-11D3-BF4B-00C04F79EFBC}") = "laba6.2", "laba6.2\laba6.2.csproj", "{5B5A73AA-7809-4137-88A6-286D20283719}"
EndProject
Global
	GlobalSection(SolutionConfigurationPlatforms) = preSolution
		Debug|Any CPU = Debug|Any CPU
		Release|Any CPU = Release|Any CPU
	EndGlobalSection
	GlobalSection(ProjectConfigurationPlatforms) = postSolution
		{5B5A73AA-7809-4137-88A6-286D20283719}.Debug|Any CPU.ActiveCfg = Debug|Any CPU
		{5B5A73AA-7809-4137-88A6-286D20283719}.Debug|Any CPU.Build.0 = Debug|Any CPU
		{5B5A73AA-7809-4137-88A6-286D20283719}.Release|Any CPU.ActiveCfg = Release|Any CPU
		{5B5A73AA-7809-4137-88A6-286D20283719}.Release|Any CPU.Build.0 = Release|Any CPU
	EndGlobalSection
	GlobalSection(SolutionProperties) = preSolution
		HideSolutionNode = FALSE
	EndGlobalSection
	GlobalSection(ExtensibilityGlobals) = postSolution
		SolutionGuid = {967DC2D3-2B9F-42DC-BB89-4DC308D3C5B2}
	EndGlobalSection
EndGlobal
